
Microsoft Visual Studio Solution File, Format Version 12.00
# Visual Studio Version 16
VisualStudioVersion = 16.0.29609.76
MinimumVisualStudioVersion = 10.0.40219.1
Project("{FAE04EC0-301F-11D3-BF4B-00C04F79EFBC}") = "Shapes_Console", "Shapes_Console\Shapes_Console.csproj", "{ACFD27A8-9D83-488E-9F4D-09F3CC1CB522}"
EndProject
Project("{FAE04EC0-301F-11D3-BF4B-00C04F79EFBC}") = "Shapes_Library", "Shapes_Library\Shapes_Library.csproj", "{57D8E11C-69EE-40A1-9F7C-9879EAD3E266}"
EndProject
Global
	GlobalSection(SolutionConfigurationPlatforms) = preSolution
		Debug|Any CPU = Debug|Any CPU
		Release|Any CPU = Release|Any CPU
	EndGlobalSection
	GlobalSection(ProjectConfigurationPlatforms) = postSolution
		{ACFD27A8-9D83-488E-9F4D-09F3CC1CB522}.Debug|Any CPU.ActiveCfg = Debug|Any CPU
		{ACFD27A8-9D83-488E-9F4D-09F3CC1CB522}.Debug|Any CPU.Build.0 = Debug|Any CPU
		{ACFD27A8-9D83-488E-9F4D-09F3CC1CB522}.Release|Any CPU.ActiveCfg = Release|Any CPU
		{ACFD27A8-9D83-488E-9F4D-09F3CC1CB522}.Release|Any CPU.Build.0 = Release|Any CPU
		{57D8E11C-69EE-40A1-9F7C-9879EAD3E266}.Debug|Any CPU.ActiveCfg = Debug|Any CPU
		{57D8E11C-69EE-40A1-9F7C-9879EAD3E266}.Debug|Any CPU.Build.0 = Debug|Any CPU
		{57D8E11C-69EE-40A1-9F7C-9879EAD3E266}.Release|Any CPU.ActiveCfg = Release|Any CPU
		{57D8E11C-69EE-40A1-9F7C-9879EAD3E266}.Release|Any CPU.Build.0 = Release|Any CPU
	EndGlobalSection
	GlobalSection(SolutionProperties) = preSolution
		HideSolutionNode = FALSE
	EndGlobalSection
	GlobalSection(ExtensibilityGlobals) = postSolution
		SolutionGuid = {68905E9D-CB29-4F1E-8746-128A496E61B4}
	EndGlobalSection
EndGlobal
