
Microsoft Visual Studio Solution File, Format Version 12.00
# Visual Studio Version 16
VisualStudioVersion = 16.0.29609.76
MinimumVisualStudioVersion = 10.0.40219.1
Project("{FAE04EC0-301F-11D3-BF4B-00C04F79EFBC}") = "SquareEquationApp_dll", "SquareEquationMath\SquareEquationApp_dll.csproj", "{4921AD7C-31EF-43B3-9D50-27952146042F}"
EndProject
Project("{FAE04EC0-301F-11D3-BF4B-00C04F79EFBC}") = "SquareEquationApp_Console", "SquareEquationApp_Console\SquareEquationApp_Console.csproj", "{EB7F3D1C-7AE6-49CA-8B67-F50F04015449}"
EndProject
Project("{FAE04EC0-301F-11D3-BF4B-00C04F79EFBC}") = "SquareEquationApp_WinForms", "SquareEquationApp_WinForms\SquareEquationApp_WinForms.csproj", "{ED1E308A-55D1-400A-A02B-BC14A013ED59}"
EndProject
Global
	GlobalSection(SolutionConfigurationPlatforms) = preSolution
		Debug|Any CPU = Debug|Any CPU
		Release|Any CPU = Release|Any CPU
	EndGlobalSection
	GlobalSection(ProjectConfigurationPlatforms) = postSolution
		{4921AD7C-31EF-43B3-9D50-27952146042F}.Debug|Any CPU.ActiveCfg = Debug|Any CPU
		{4921AD7C-31EF-43B3-9D50-27952146042F}.Debug|Any CPU.Build.0 = Debug|Any CPU
		{4921AD7C-31EF-43B3-9D50-27952146042F}.Release|Any CPU.ActiveCfg = Release|Any CPU
		{4921AD7C-31EF-43B3-9D50-27952146042F}.Release|Any CPU.Build.0 = Release|Any CPU
		{EB7F3D1C-7AE6-49CA-8B67-F50F04015449}.Debug|Any CPU.ActiveCfg = Debug|Any CPU
		{EB7F3D1C-7AE6-49CA-8B67-F50F04015449}.Debug|Any CPU.Build.0 = Debug|Any CPU
		{EB7F3D1C-7AE6-49CA-8B67-F50F04015449}.Release|Any CPU.ActiveCfg = Release|Any CPU
		{EB7F3D1C-7AE6-49CA-8B67-F50F04015449}.Release|Any CPU.Build.0 = Release|Any CPU
		{ED1E308A-55D1-400A-A02B-BC14A013ED59}.Debug|Any CPU.ActiveCfg = Debug|Any CPU
		{ED1E308A-55D1-400A-A02B-BC14A013ED59}.Debug|Any CPU.Build.0 = Debug|Any CPU
		{ED1E308A-55D1-400A-A02B-BC14A013ED59}.Release|Any CPU.ActiveCfg = Release|Any CPU
		{ED1E308A-55D1-400A-A02B-BC14A013ED59}.Release|Any CPU.Build.0 = Release|Any CPU
	EndGlobalSection
	GlobalSection(SolutionProperties) = preSolution
		HideSolutionNode = FALSE
	EndGlobalSection
	GlobalSection(ExtensibilityGlobals) = postSolution
		SolutionGuid = {7D7E5F09-C755-4EFE-A0F0-75FAF7E30D04}
	EndGlobalSection
EndGlobal
