
Microsoft Visual Studio Solution File, Format Version 12.00
# Visual Studio Version 16
VisualStudioVersion = 16.0.29609.76
MinimumVisualStudioVersion = 10.0.40219.1
Project("{FAE04EC0-301F-11D3-BF4B-00C04F79EFBC}") = "Skiers_Console", "Skiers_Console\Skiers_Console.csproj", "{BF5071F3-63EA-4A68-8D93-8FBA12F4912D}"
EndProject
Project("{FAE04EC0-301F-11D3-BF4B-00C04F79EFBC}") = "Skiers_DLL", "Skiers_DLL\Skiers_DLL.csproj", "{F4305390-C1CC-4164-8C52-60D25F9FF7C0}"
EndProject
Global
	GlobalSection(SolutionConfigurationPlatforms) = preSolution
		Debug|Any CPU = Debug|Any CPU
		Release|Any CPU = Release|Any CPU
	EndGlobalSection
	GlobalSection(ProjectConfigurationPlatforms) = postSolution
		{BF5071F3-63EA-4A68-8D93-8FBA12F4912D}.Debug|Any CPU.ActiveCfg = Debug|Any CPU
		{BF5071F3-63EA-4A68-8D93-8FBA12F4912D}.Debug|Any CPU.Build.0 = Debug|Any CPU
		{BF5071F3-63EA-4A68-8D93-8FBA12F4912D}.Release|Any CPU.ActiveCfg = Release|Any CPU
		{BF5071F3-63EA-4A68-8D93-8FBA12F4912D}.Release|Any CPU.Build.0 = Release|Any CPU
		{F4305390-C1CC-4164-8C52-60D25F9FF7C0}.Debug|Any CPU.ActiveCfg = Debug|Any CPU
		{F4305390-C1CC-4164-8C52-60D25F9FF7C0}.Debug|Any CPU.Build.0 = Debug|Any CPU
		{F4305390-C1CC-4164-8C52-60D25F9FF7C0}.Release|Any CPU.ActiveCfg = Release|Any CPU
		{F4305390-C1CC-4164-8C52-60D25F9FF7C0}.Release|Any CPU.Build.0 = Release|Any CPU
	EndGlobalSection
	GlobalSection(SolutionProperties) = preSolution
		HideSolutionNode = FALSE
	EndGlobalSection
	GlobalSection(ExtensibilityGlobals) = postSolution
		SolutionGuid = {8EA4F0C6-DF2A-4436-A603-511F37EAB43D}
	EndGlobalSection
EndGlobal
