
Microsoft Visual Studio Solution File, Format Version 12.00
# Visual Studio Version 16
VisualStudioVersion = 16.0.29609.76
MinimumVisualStudioVersion = 10.0.40219.1
Project("{FAE04EC0-301F-11D3-BF4B-00C04F79EFBC}") = "SquareArray_Console", "SquareArray_Console\SquareArray_Console.csproj", "{733FC014-3CE4-4752-8251-0680FEFA4A95}"
EndProject
Project("{FAE04EC0-301F-11D3-BF4B-00C04F79EFBC}") = "SquareArray_Library", "SquareArray_Library\SquareArray_Library.csproj", "{060B34B3-B38E-441F-8A1C-5D4A06B0552B}"
EndProject
Global
	GlobalSection(SolutionConfigurationPlatforms) = preSolution
		Debug|Any CPU = Debug|Any CPU
		Release|Any CPU = Release|Any CPU
	EndGlobalSection
	GlobalSection(ProjectConfigurationPlatforms) = postSolution
		{733FC014-3CE4-4752-8251-0680FEFA4A95}.Debug|Any CPU.ActiveCfg = Debug|Any CPU
		{733FC014-3CE4-4752-8251-0680FEFA4A95}.Debug|Any CPU.Build.0 = Debug|Any CPU
		{733FC014-3CE4-4752-8251-0680FEFA4A95}.Release|Any CPU.ActiveCfg = Release|Any CPU
		{733FC014-3CE4-4752-8251-0680FEFA4A95}.Release|Any CPU.Build.0 = Release|Any CPU
		{060B34B3-B38E-441F-8A1C-5D4A06B0552B}.Debug|Any CPU.ActiveCfg = Debug|Any CPU
		{060B34B3-B38E-441F-8A1C-5D4A06B0552B}.Debug|Any CPU.Build.0 = Debug|Any CPU
		{060B34B3-B38E-441F-8A1C-5D4A06B0552B}.Release|Any CPU.ActiveCfg = Release|Any CPU
		{060B34B3-B38E-441F-8A1C-5D4A06B0552B}.Release|Any CPU.Build.0 = Release|Any CPU
	EndGlobalSection
	GlobalSection(SolutionProperties) = preSolution
		HideSolutionNode = FALSE
	EndGlobalSection
	GlobalSection(ExtensibilityGlobals) = postSolution
		SolutionGuid = {701E4954-A79C-44C0-BA5C-A4B5B6686AE0}
	EndGlobalSection
EndGlobal
