
Microsoft Visual Studio Solution File, Format Version 12.00
# Visual Studio Version 16
VisualStudioVersion = 16.0.29609.76
MinimumVisualStudioVersion = 10.0.40219.1
Project("{FAE04EC0-301F-11D3-BF4B-00C04F79EFBC}") = "FizzBuzz_Console", "FizzBuzz_Console\FizzBuzz_Console.csproj", "{73F3C32D-1985-4E88-B87B-0ABBB6AD742E}"
EndProject
Project("{FAE04EC0-301F-11D3-BF4B-00C04F79EFBC}") = "FizzBuzz_DLL", "FizzBuzz_DLL\FizzBuzz_DLL.csproj", "{8EFDE310-9C7B-479E-A93C-8427D7C7A1B7}"
EndProject
Global
	GlobalSection(SolutionConfigurationPlatforms) = preSolution
		Debug|Any CPU = Debug|Any CPU
		Release|Any CPU = Release|Any CPU
	EndGlobalSection
	GlobalSection(ProjectConfigurationPlatforms) = postSolution
		{73F3C32D-1985-4E88-B87B-0ABBB6AD742E}.Debug|Any CPU.ActiveCfg = Debug|Any CPU
		{73F3C32D-1985-4E88-B87B-0ABBB6AD742E}.Debug|Any CPU.Build.0 = Debug|Any CPU
		{73F3C32D-1985-4E88-B87B-0ABBB6AD742E}.Release|Any CPU.ActiveCfg = Release|Any CPU
		{73F3C32D-1985-4E88-B87B-0ABBB6AD742E}.Release|Any CPU.Build.0 = Release|Any CPU
		{8EFDE310-9C7B-479E-A93C-8427D7C7A1B7}.Debug|Any CPU.ActiveCfg = Debug|Any CPU
		{8EFDE310-9C7B-479E-A93C-8427D7C7A1B7}.Debug|Any CPU.Build.0 = Debug|Any CPU
		{8EFDE310-9C7B-479E-A93C-8427D7C7A1B7}.Release|Any CPU.ActiveCfg = Release|Any CPU
		{8EFDE310-9C7B-479E-A93C-8427D7C7A1B7}.Release|Any CPU.Build.0 = Release|Any CPU
	EndGlobalSection
	GlobalSection(SolutionProperties) = preSolution
		HideSolutionNode = FALSE
	EndGlobalSection
	GlobalSection(ExtensibilityGlobals) = postSolution
		SolutionGuid = {87CA7D30-9693-4899-8880-C0DD13F9204C}
	EndGlobalSection
EndGlobal
